dependencies:
- name: postgresql
  repository: https://kubernetes-charts.storage.googleapis.com
  version: 3.0.0
- name: redis
  repository: https://kubernetes-charts.storage.googleapis.com
  version: 4.2.1
- name: elasticsearch
  repository: https://kubernetes-charts.storage.googleapis.com
  version: 1.11.1
digest: sha256:80a9836e5f3b01faccc4b6809a5e20250fedb967d8ce1aaed05bf9a504bb982d
generated: 2019-01-14T22:29:05.638882693Z
